
Microsoft Visual Studio Solution File, Format Version 12.00
# Visual Studio Version 16
VisualStudioVersion = 16.0.31019.35
MinimumVisualStudioVersion = 10.0.40219.1
Project("{FAE04EC0-301F-11D3-BF4B-00C04F79EFBC}") = "2_lb_TPR", "2_lb_TPR\2_lb_TPR.csproj", "{0B9ACAF4-59E0-495D-97E3-FD16E51E9B22}"
EndProject
Global
	GlobalSection(SolutionConfigurationPlatforms) = preSolution
		Debug|Any CPU = Debug|Any CPU
		Release|Any CPU = Release|Any CPU
	EndGlobalSection
	GlobalSection(ProjectConfigurationPlatforms) = postSolution
		{0B9ACAF4-59E0-495D-97E3-FD16E51E9B22}.Debug|Any CPU.ActiveCfg = Debug|Any CPU
		{0B9ACAF4-59E0-495D-97E3-FD16E51E9B22}.Debug|Any CPU.Build.0 = Debug|Any CPU
		{0B9ACAF4-59E0-495D-97E3-FD16E51E9B22}.Release|Any CPU.ActiveCfg = Release|Any CPU
		{0B9ACAF4-59E0-495D-97E3-FD16E51E9B22}.Release|Any CPU.Build.0 = Release|Any CPU
	EndGlobalSection
	GlobalSection(SolutionProperties) = preSolution
		HideSolutionNode = FALSE
	EndGlobalSection
	GlobalSection(ExtensibilityGlobals) = postSolution
		SolutionGuid = {9A458555-CB67-4E50-9B9B-3FA24BA5D790}
	EndGlobalSection
EndGlobal
