
Microsoft Visual Studio Solution File, Format Version 12.00
# Visual Studio Version 17
VisualStudioVersion = 17.3.32929.385
MinimumVisualStudioVersion = 10.0.40219.1
Project("{FAE04EC0-301F-11D3-BF4B-00C04F79EFBC}") = "3_lb", "3_lb\3_lb.csproj", "{9B85F388-4AE5-4802-BBF4-6A0E41FF3619}"
EndProject
Global
	GlobalSection(SolutionConfigurationPlatforms) = preSolution
		Debug|Any CPU = Debug|Any CPU
		Release|Any CPU = Release|Any CPU
	EndGlobalSection
	GlobalSection(ProjectConfigurationPlatforms) = postSolution
		{9B85F388-4AE5-4802-BBF4-6A0E41FF3619}.Debug|Any CPU.ActiveCfg = Debug|Any CPU
		{9B85F388-4AE5-4802-BBF4-6A0E41FF3619}.Debug|Any CPU.Build.0 = Debug|Any CPU
		{9B85F388-4AE5-4802-BBF4-6A0E41FF3619}.Release|Any CPU.ActiveCfg = Release|Any CPU
		{9B85F388-4AE5-4802-BBF4-6A0E41FF3619}.Release|Any CPU.Build.0 = Release|Any CPU
	EndGlobalSection
	GlobalSection(SolutionProperties) = preSolution
		HideSolutionNode = FALSE
	EndGlobalSection
	GlobalSection(ExtensibilityGlobals) = postSolution
		SolutionGuid = {1E2E5DB5-9B5D-4E52-A1FB-F044226C6797}
	EndGlobalSection
EndGlobal
