
Microsoft Visual Studio Solution File, Format Version 12.00
# Visual Studio Version 16
VisualStudioVersion = 16.0.31205.134
MinimumVisualStudioVersion = 10.0.40219.1
Project("{FAE04EC0-301F-11D3-BF4B-00C04F79EFBC}") = "CarEvaluationML", "CarEvaluationML\CarEvaluationML.csproj", "{5E7164BE-7FEF-43CC-B92D-CAE50CFB64BD}"
EndProject
Global
	GlobalSection(SolutionConfigurationPlatforms) = preSolution
		Debug|Any CPU = Debug|Any CPU
		Release|Any CPU = Release|Any CPU
	EndGlobalSection
	GlobalSection(ProjectConfigurationPlatforms) = postSolution
		{5E7164BE-7FEF-43CC-B92D-CAE50CFB64BD}.Debug|Any CPU.ActiveCfg = Debug|Any CPU
		{5E7164BE-7FEF-43CC-B92D-CAE50CFB64BD}.Debug|Any CPU.Build.0 = Debug|Any CPU
		{5E7164BE-7FEF-43CC-B92D-CAE50CFB64BD}.Release|Any CPU.ActiveCfg = Release|Any CPU
		{5E7164BE-7FEF-43CC-B92D-CAE50CFB64BD}.Release|Any CPU.Build.0 = Release|Any CPU
	EndGlobalSection
	GlobalSection(SolutionProperties) = preSolution
		HideSolutionNode = FALSE
	EndGlobalSection
	GlobalSection(ExtensibilityGlobals) = postSolution
		SolutionGuid = {0A9C7968-FB96-407D-9B8D-42FD7599A37B}
	EndGlobalSection
EndGlobal
